# @generated - this file is auto-generated by `mise lock` https://mise.jdx.dev/dev-tools/mise-lock.html

lockfile_version = 2

[[tools.aube]]
version = "2.3.0"
backend = "packslip:github.com/aubepkg/aube"
specifiers = ["2.3.0"]

[tools.aube."platforms.linux-arm64"]
checksum = "sha256:79d492a53a053a035d5b7b83b2e351207a75dd149cd8d37ce941dd46b0d555da"
url = "https://github.com/aubepkg/aube/releases/download/v2.3.0/aube-v2.3.0-aarch64-unknown-linux-gnu.tar.gz"
signer = "sigstore-oidc:https://github.com/aubepkg/aube/.github/workflows/release-plz.yml"

[tools.aube."platforms.linux-arm64-musl"]
checksum = "sha256:97827683411004bbde9a53b2ff7f6b5f83c011a00a83def555115fd1a8526b85"
url = "https://github.com/aubepkg/aube/releases/download/v2.3.0/aube-v2.3.0-aarch64-unknown-linux-musl.tar.gz"
signer = "sigstore-oidc:https://github.com/aubepkg/aube/.github/workflows/release-plz.yml"

[tools.aube."platforms.linux-x64"]
checksum = "sha256:250a7e2cf657e5e42f4fcce3443fa06ce457863fbbd4d8ccb7cfeb16a345b84d"
url = "https://github.com/aubepkg/aube/releases/download/v2.3.0/aube-v2.3.0-x86_64-unknown-linux-gnu.tar.gz"
signer = "sigstore-oidc:https://github.com/aubepkg/aube/.github/workflows/release-plz.yml"

[tools.aube."platforms.linux-x64-musl"]
checksum = "sha256:d70968db310cd48975a45d2fe26c0e43fc1f8a8f97b647dfe4d02166183c6aa1"
url = "https://github.com/aubepkg/aube/releases/download/v2.3.0/aube-v2.3.0-x86_64-unknown-linux-musl.tar.gz"
signer = "sigstore-oidc:https://github.com/aubepkg/aube/.github/workflows/release-plz.yml"

[tools.aube."platforms.macos-arm64"]
checksum = "sha256:717638c2fb87e3230d84c548ee9509f3dd880966744702c3e0d0345f1937c9b1"
url = "https://github.com/aubepkg/aube/releases/download/v2.3.0/aube-v2.3.0-aarch64-apple-darwin.tar.gz"
signer = "sigstore-oidc:https://github.com/aubepkg/aube/.github/workflows/release-plz.yml"

[tools.aube."platforms.windows-x64"]
checksum = "sha256:a6b88d0ea8e364619adeb7b280fa2594e69fabe7362087ba0219113ba6af1e7e"
url = "https://github.com/aubepkg/aube/releases/download/v2.3.0/aube-v2.3.0-x86_64-pc-windows-msvc.zip"
signer = "sigstore-oidc:https://github.com/aubepkg/aube/.github/workflows/release-plz.yml"

[[tools.node]]
version = "26.10.0"
backend = "core:node"
specifiers = ["26.10.0"]

[tools.node."platforms.linux-arm64"]
checksum = "sha256:423a41bff8e2a2fa15e702fefe2919ef95823b2378744daccb8439302534b44f"
url = "https://nodejs.org/dist/v26.10.0/node-v26.10.0-linux-arm64.tar.gz"

[tools.node."platforms.linux-arm64-musl"]
checksum = "sha256:d26027bff3197050d2a2b0bfa151b18e8378ed81affa2bf5093804db158979b6"
url = "https://unofficial-builds.nodejs.org/download/release/v26.10.0/node-v26.10.0-linux-arm64-musl.tar.gz"

[tools.node."platforms.linux-x64"]
checksum = "sha256:cb5c9ce9c80d7b8821e3a258543c71b939138cf17c74d5cc44bbe85d6dbc5ad8"
url = "https://nodejs.org/dist/v26.10.0/node-v26.10.0-linux-x64.tar.gz"

[tools.node."platforms.linux-x64-musl"]
checksum = "sha256:e42da94821b9422eb76bf5aaf4de0977e04ba320b8aff6148d895a94b08ee223"
url = "https://unofficial-builds.nodejs.org/download/release/v26.10.0/node-v26.10.0-linux-x64-musl.tar.gz"

[tools.node."platforms.macos-arm64"]
checksum = "sha256:751fdf7439f115d87ee2a8f3f18c065b6151852068e3e666ac60ac2996f75ac9"
url = "https://nodejs.org/dist/v26.10.0/node-v26.10.0-darwin-arm64.tar.gz"

[tools.node."platforms.macos-x64"]
checksum = "sha256:ebbe9ab9b58ad6bb54390d6e2c862c1afa7d4475fb7e8ae8146acde211bf70df"
url = "https://nodejs.org/dist/v26.10.0/node-v26.10.0-darwin-x64.tar.gz"

[tools.node."platforms.windows-x64"]
checksum = "sha256:9fef7eca6743a6b910989cd8e78712376b394fcb9b6e1e9c44a0799a287f90c5"
url = "https://nodejs.org/dist/v26.10.0/node-v26.10.0-win-x64.zip"

[[tools."npm:oxfmt"]]
version = "0.70.0"
aube = { path = ".mise/locks/npm-oxfmt/0.70.0", digest = "sha256:6f43444e29a288a4c8eaae0fd4842397419f6bde12beb04d2be2216a275f96e2" }
backend = "npm:oxfmt"
specifiers = ["latest"]

[[tools."npm:oxlint"]]
version = "1.85.0"
aube = { path = ".mise/locks/npm-oxlint/1.85.0", digest = "sha256:1ac11edaea5bf540aa1b6f463ea78175728d6831733be1e1c903ef0f13544938" }
backend = "npm:oxlint"
specifiers = ["latest"]
