# @generated - this file is auto-generated by `mise lock` https://mise.jdx.dev/dev-tools/mise-lock.html

lockfile_version = 2

[[tools.aube]]
version = "2.2.17"
backend = "packslip:github.com/aubepkg/aube"
specifiers = ["2.2.17"]

[tools.aube."platforms.linux-arm64"]
checksum = "sha256:933d5e63aafef67baa7ec9b0589674e399b3f0e567837f88404b89f08be0bbc1"
url = "https://github.com/aubepkg/aube/releases/download/v2.2.17/aube-v2.2.17-aarch64-unknown-linux-gnu.tar.gz"
signer = "sigstore-oidc:https://github.com/aubepkg/aube/.github/workflows/release-plz.yml"

[tools.aube."platforms.linux-arm64-musl"]
checksum = "sha256:2c564811b7a0ef1c3011282696a9cbaa422cdc65951ab8cc98ac65b298112921"
url = "https://github.com/aubepkg/aube/releases/download/v2.2.17/aube-v2.2.17-aarch64-unknown-linux-musl.tar.gz"
signer = "sigstore-oidc:https://github.com/aubepkg/aube/.github/workflows/release-plz.yml"

[tools.aube."platforms.linux-x64"]
checksum = "sha256:ee4f05a2989e6cbe55b306097cbb53da9f908789acb027e62c430de2f7e22c2f"
url = "https://github.com/aubepkg/aube/releases/download/v2.2.17/aube-v2.2.17-x86_64-unknown-linux-gnu.tar.gz"
signer = "sigstore-oidc:https://github.com/aubepkg/aube/.github/workflows/release-plz.yml"

[tools.aube."platforms.linux-x64-musl"]
checksum = "sha256:6ec5a6bb93ded45db61445bd4b730b63be002cde442af8eecfc02a84a27dd221"
url = "https://github.com/aubepkg/aube/releases/download/v2.2.17/aube-v2.2.17-x86_64-unknown-linux-musl.tar.gz"
signer = "sigstore-oidc:https://github.com/aubepkg/aube/.github/workflows/release-plz.yml"

[tools.aube."platforms.macos-arm64"]
checksum = "sha256:83b2906a998ea62eb4890abb8d45010f0ced1674a2bb6b436c2e352d47bb338f"
url = "https://github.com/aubepkg/aube/releases/download/v2.2.17/aube-v2.2.17-aarch64-apple-darwin.tar.gz"
signer = "sigstore-oidc:https://github.com/aubepkg/aube/.github/workflows/release-plz.yml"

[tools.aube."platforms.windows-x64"]
checksum = "sha256:03c93095d89f41496436083f45d770b3169dd1f7db91d86577a9e3d004605c0f"
url = "https://github.com/aubepkg/aube/releases/download/v2.2.17/aube-v2.2.17-x86_64-pc-windows-msvc.zip"
signer = "sigstore-oidc:https://github.com/aubepkg/aube/.github/workflows/release-plz.yml"

[[tools.node]]
version = "26.10.0"
backend = "core:node"
specifiers = ["26.10.0"]

[tools.node."platforms.linux-arm64"]
checksum = "sha256:423a41bff8e2a2fa15e702fefe2919ef95823b2378744daccb8439302534b44f"
url = "https://nodejs.org/dist/v26.10.0/node-v26.10.0-linux-arm64.tar.gz"

[tools.node."platforms.linux-arm64-musl"]
checksum = "sha256:d26027bff3197050d2a2b0bfa151b18e8378ed81affa2bf5093804db158979b6"
url = "https://unofficial-builds.nodejs.org/download/release/v26.10.0/node-v26.10.0-linux-arm64-musl.tar.gz"

[tools.node."platforms.linux-x64"]
checksum = "sha256:cb5c9ce9c80d7b8821e3a258543c71b939138cf17c74d5cc44bbe85d6dbc5ad8"
url = "https://nodejs.org/dist/v26.10.0/node-v26.10.0-linux-x64.tar.gz"

[tools.node."platforms.linux-x64-musl"]
checksum = "sha256:e42da94821b9422eb76bf5aaf4de0977e04ba320b8aff6148d895a94b08ee223"
url = "https://unofficial-builds.nodejs.org/download/release/v26.10.0/node-v26.10.0-linux-x64-musl.tar.gz"

[tools.node."platforms.macos-arm64"]
checksum = "sha256:751fdf7439f115d87ee2a8f3f18c065b6151852068e3e666ac60ac2996f75ac9"
url = "https://nodejs.org/dist/v26.10.0/node-v26.10.0-darwin-arm64.tar.gz"

[tools.node."platforms.macos-x64"]
checksum = "sha256:ebbe9ab9b58ad6bb54390d6e2c862c1afa7d4475fb7e8ae8146acde211bf70df"
url = "https://nodejs.org/dist/v26.10.0/node-v26.10.0-darwin-x64.tar.gz"

[tools.node."platforms.windows-x64"]
checksum = "sha256:9fef7eca6743a6b910989cd8e78712376b394fcb9b6e1e9c44a0799a287f90c5"
url = "https://nodejs.org/dist/v26.10.0/node-v26.10.0-win-x64.zip"

[[tools."npm:oxfmt"]]
version = "0.70.0"
aube = { path = ".mise/locks/npm-oxfmt/0.70.0", digest = "sha256:6f43444e29a288a4c8eaae0fd4842397419f6bde12beb04d2be2216a275f96e2" }
backend = "npm:oxfmt"
specifiers = ["latest"]

[[tools."npm:oxlint"]]
version = "1.85.0"
aube = { path = ".mise/locks/npm-oxlint/1.85.0", digest = "sha256:1ac11edaea5bf540aa1b6f463ea78175728d6831733be1e1c903ef0f13544938" }
backend = "npm:oxlint"
specifiers = ["latest"]
